
Microsoft Visual Studio Solution File, Format Version 12.00
Project("{FAE04EC0-301F-11D3-BF4B-00C04F79EFBC}") = "Cold Turkey Pro v4.x Activator", "Cold Turkey Pro v4.x Activator\Cold Turkey Pro v4.x Activator.csproj", "{75AE5A85-6FE5-4F84-80C3-DB5B0ED4FCC1}"
EndProject
Global
	GlobalSection(SolutionConfigurationPlatforms) = preSolution
		Debug|Any CPU = Debug|Any CPU
		Release|Any CPU = Release|Any CPU
	EndGlobalSection
	GlobalSection(ProjectConfigurationPlatforms) = postSolution
		{75AE5A85-6FE5-4F84-80C3-DB5B0ED4FCC1}.Debug|Any CPU.ActiveCfg = Debug|Any CPU
		{75AE5A85-6FE5-4F84-80C3-DB5B0ED4FCC1}.Debug|Any CPU.Build.0 = Debug|Any CPU
		{75AE5A85-6FE5-4F84-80C3-DB5B0ED4FCC1}.Release|Any CPU.ActiveCfg = Release|Any CPU
		{75AE5A85-6FE5-4F84-80C3-DB5B0ED4FCC1}.Release|Any CPU.Build.0 = Release|Any CPU
	EndGlobalSection
EndGlobal
